
Microsoft Visual Studio Solution File, Format Version 12.00
# Visual Studio 14
VisualStudioVersion = 14.0.25420.1
MinimumVisualStudioVersion = 10.0.40219.1
Project("{FAE04EC0-301F-11D3-BF4B-00C04F79EFBC}") = "homework2", "homework2\homework2.csproj", "{C8CAE221-6823-4AC8-AD81-3E4894F2F943}"
EndProject
Project("{2150E333-8FDC-42A3-9474-1A3956D46DE8}") = "Solution Items", "Solution Items", "{932C53B9-8E63-437A-899F-DE6F56BA2C4E}"
	ProjectSection(SolutionItems) = preProject
		homework2\Set.cs = homework2\Set.cs
	EndProjectSection
EndProject
Global
	GlobalSection(SolutionConfigurationPlatforms) = preSolution
		Debug|Any CPU = Debug|Any CPU
		Release|Any CPU = Release|Any CPU
	EndGlobalSection
	GlobalSection(ProjectConfigurationPlatforms) = postSolution
		{C8CAE221-6823-4AC8-AD81-3E4894F2F943}.Debug|Any CPU.ActiveCfg = Debug|Any CPU
		{C8CAE221-6823-4AC8-AD81-3E4894F2F943}.Debug|Any CPU.Build.0 = Debug|Any CPU
		{C8CAE221-6823-4AC8-AD81-3E4894F2F943}.Release|Any CPU.ActiveCfg = Release|Any CPU
		{C8CAE221-6823-4AC8-AD81-3E4894F2F943}.Release|Any CPU.Build.0 = Release|Any CPU
	EndGlobalSection
	GlobalSection(SolutionProperties) = preSolution
		HideSolutionNode = FALSE
	EndGlobalSection
EndGlobal
